// !$*UTF8*$!
{
	archiveVersion = 1;
	classes = {
	};
	objectVersion = 46;
	objects = {

/* Begin PBXBuildFile section */
		A05986621E84D4D700D1126C /* AppDelegate.swift in Sources */ = {isa = PBXBuildFile; fileRef = A05986611E84D4D700D1126C /* AppDelegate.swift */; };
		A05986641E84D4D700D1126C /* ViewController.swift in Sources */ = {isa = PBXBuildFile; fileRef = A05986631E84D4D700D1126C /* ViewController.swift */; };
		A05986671E84D4D700D1126C /* Main.storyboard in Resources */ = {isa = PBXBuildFile; fileRef = A05986651E84D4D700D1126C /* Main.storyboard */; };
		A05986691E84D4D700D1126C /* Assets.xcassets in Resources */ = {isa = PBXBuildFile; fileRef = A05986681E84D4D700D1126C /* Assets.xcassets */; };
		A059866C1E84D4D700D1126C /* LaunchScreen.storyboard in Resources */ = {isa = PBXBuildFile; fileRef = A059866A1E84D4D700D1126C /* LaunchScreen.storyboard */; };
		A05986741E84D53400D1126C /* CanvasViewController.swift in Sources */ = {isa = PBXBuildFile; fileRef = A05986731E84D53400D1126C /* CanvasViewController.swift */; };
/* End PBXBuildFile section */

/* Begin PBXFileReference section */
		A059865E1E84D4D700D1126C /* Stickers.app */ = {isa = PBXFileReference; explicitFileType = wrapper.application; includeInIndex = 0; path = Stickers.app; sourceTree = BUILT_PRODUCTS_DIR; };
		A05986611E84D4D700D1126C /* AppDelegate.swift */ = {isa = PBXFileReference; lastKnownFileType = sourcecode.swift; path = AppDelegate.swift; sourceTree = "<group>"; };
		A05986631E84D4D700D1126C /* ViewController.swift */ = {isa = PBXFileReference; lastKnownFileType = sourcecode.swift; path = ViewController.swift; sourceTree = "<group>"; };
		A05986661E84D4D700D1126C /* Base */ = {isa = PBXFileReference; lastKnownFileType = file.storyboard; name = Base; path = Base.lproj/Main.storyboard; sourceTree = "<group>"; };
		A05986681E84D4D700D1126C /* Assets.xcassets */ = {isa = PBXFileReference; lastKnownFileType = folder.assetcatalog; path = Assets.xcassets; sourceTree = "<group>"; };
		A059866B1E84D4D700D1126C /* Base */ = {isa = PBXFileReference; lastKnownFileType = file.storyboard; name = Base; path = Base.lproj/LaunchScreen.storyboard; sourceTree = "<group>"; };
		A059866D1E84D4D700D1126C /* Info.plist */ = {isa = PBXFileReference; lastKnownFileType = text.plist.xml; path = Info.plist; sourceTree = "<group>"; };
		A05986731E84D53400D1126C /* CanvasViewController.swift */ = {isa = PBXFileReference; fileEncoding = 4; lastKnownFileType = sourcecode.swift; path = CanvasViewController.swift; sourceTree = "<group>"; };
/* End PBXFileReference section */

/* Begin PBXFrameworksBuildPhase section */
		A059865B1E84D4D600D1126C /* Frameworks */ = {
			isa = PBXFrameworksBuildPhase;
			buildActionMask = 2147483647;
			files = (
			);
			runOnlyForDeploymentPostprocessing = 0;
		};
/* End PBXFrameworksBuildPhase section */

/* Begin PBXGroup section */
		A05986551E84D4D600D1126C = {
			isa = PBXGroup;
			children = (
				A05986731E84D53400D1126C /* CanvasViewController.swift */,
				A05986601E84D4D700D1126C /* Stickers */,
				A059865F1E84D4D700D1126C /* Products */,
			);
			sourceTree = "<group>";
		};
		A059865F1E84D4D700D1126C /* Products */ = {
			isa = PBXGroup;
			children = (
				A059865E1E84D4D700D1126C /* Stickers.app */,
			);
			name = Products;
			sourceTree = "<group>";
		};
		A05986601E84D4D700D1126C /* Stickers */ = {
			isa = PBXGroup;
			children = (
				A05986611E84D4D700D1126C /* AppDelegate.swift */,
				A05986631E84D4D700D1126C /* ViewController.swift */,
				A05986651E84D4D700D1126C /* Main.storyboard */,
				A05986681E84D4D700D1126C /* Assets.xcassets */,
				A059866A1E84D4D700D1126C /* LaunchScreen.storyboard */,
				A059866D1E84D4D700D1126C /* Info.plist */,
			);
			path = Stickers;
			sourceTree = "<group>";
		};
/* End PBXGroup section */

/* Begin PBXNativeTarget section */
		A059865D1E84D4D600D1126C /* Stickers */ = {
			isa = PBXNativeTarget;
			buildConfigurationList = A05986701E84D4D700D1126C /* Build configuration list for PBXNativeTarget "Stickers" */;
			buildPhases = (
				A059865A1E84D4D600D1126C /* Sources */,
				A059865B1E84D4D600D1126C /* Frameworks */,
				A059865C1E84D4D600D1126C /* Resources */,
			);
			buildRules = (
			);
			dependencies = (
			);
			name = Stickers;
			productName = Stickers;
			productReference = A059865E1E84D4D700D1126C /* Stickers.app */;
			productType = "com.apple.product-type.application";
		};
/* End PBXNativeTarget section */

/* Begin PBXProject section */
		A05986561E84D4D600D1126C /* Project object */ = {
			isa = PBXProject;
			attributes = {
				LastSwiftUpdateCheck = 0820;
				LastUpgradeCheck = 0820;
				ORGANIZATIONNAME = "Aarnav Ram";
				TargetAttributes = {
					A059865D1E84D4D600D1126C = {
						CreatedOnToolsVersion = 8.2.1;
						DevelopmentTeam = MLFV6FC582;
						ProvisioningStyle = Automatic;
					};
				};
			};
			buildConfigurationList = A05986591E84D4D600D1126C /* Build configuration list for PBXProject "Stickers" */;
			compatibilityVersion = "Xcode 3.2";
			developmentRegion = English;
			hasScannedForEncodings = 0;
			knownRegions = (
				en,
				Base,
			);
			mainGroup = A05986551E84D4D600D1126C;
			productRefGroup = A059865F1E84D4D700D1126C /* Products */;
			projectDirPath = "";
			projectRoot = "";
			targets = (
				A059865D1E84D4D600D1126C /* Stickers */,
			);
		};
/* End PBXProject section */

/* Begin PBXResourcesBuildPhase section */
		A059865C1E84D4D600D1126C /* Resources */ = {
			isa = PBXResourcesBuildPhase;
			buildActionMask = 2147483647;
			files = (
				A059866C1E84D4D700D1126C /* LaunchScreen.storyboard in Resources */,
				A05986691E84D4D700D1126C /* Assets.xcassets in Resources */,
				A05986671E84D4D700D1126C /* Main.storyboard in Resources */,
			);
			runOnlyForDeploymentPostprocessing = 0;
		};
/* End PBXResourcesBuildPhase section */

/* Begin PBXSourcesBuildPhase section */
		A059865A1E84D4D600D1126C /* Sources */ = {
			isa = PBXSourcesBuildPhase;
			buildActionMask = 2147483647;
			files = (
				A05986641E84D4D700D1126C /* ViewController.swift in Sources */,
				A05986741E84D53400D1126C /* CanvasViewController.swift in Sources */,
				A05986621E84D4D700D1126C /* AppDelegate.swift in Sources */,
			);
			runOnlyForDeploymentPostprocessing = 0;
		};
/* End PBXSourcesBuildPhase section */

/* Begin PBXVariantGroup section */
		A05986651E84D4D700D1126C /* Main.storyboard */ = {
			isa = PBXVariantGroup;
			children = (
				A05986661E84D4D700D1126C /* Base */,
			);
			name = Main.storyboard;
			sourceTree = "<group>";
		};
		A059866A1E84D4D700D1126C /* LaunchScreen.storyboard */ = {
			isa = PBXVariantGroup;
			children = (
				A059866B1E84D4D700D1126C /* Base */,
			);
			name = LaunchScreen.storyboard;
			sourceTree = "<group>";
		};
/* End PBXVariantGroup section */

/* Begin XCBuildConfiguration section */
		A059866E1E84D4D700D1126C /* Debug */ = {
			isa = XCBuildConfiguration;
			buildSettings = {
				ALWAYS_SEARCH_USER_PATHS = NO;
				CLANG_ANALYZER_NONNULL = YES;
				CLANG_CXX_LANGUAGE_STANDARD = "gnu++0x";
				CLANG_CXX_LIBRARY = "libc++";
				CLANG_ENABLE_MODULES = YES;
				CLANG_ENABLE_OBJC_ARC = YES;
				CLANG_WARN_BOOL_CONVERSION = YES;
				CLANG_WARN_CONSTANT_CONVERSION = YES;
				CLANG_WARN_DIRECT_OBJC_ISA_USAGE = YES_ERROR;
				CLANG_WARN_DOCUMENTATION_COMMENTS = YES;
				CLANG_WARN_EMPTY_BODY = YES;
				CLANG_WARN_ENUM_CONVERSION = YES;
				CLANG_WARN_INFINITE_RECURSION = YES;
				CLANG_WARN_INT_CONVERSION = YES;
				CLANG_WARN_OBJC_ROOT_CLASS = YES_ERROR;
				CLANG_WARN_SUSPICIOUS_MOVE = YES;
				CLANG_WARN_UNREACHABLE_CODE = YES;
				CLANG_WARN__DUPLICATE_METHOD_MATCH = YES;
				"CODE_SIGN_IDENTITY[sdk=iphoneos*]" = "iPhone Developer";
				COPY_PHASE_STRIP = NO;
				DEBUG_INFORMATION_FORMAT = dwarf;
				ENABLE_STRICT_OBJC_MSGSEND = YES;
				ENABLE_TESTABILITY = YES;
				GCC_C_LANGUAGE_STANDARD = gnu99;
				GCC_DYNAMIC_NO_PIC = NO;
				GCC_NO_COMMON_BLOCKS = YES;
				GCC_OPTIMIZATION_LEVEL = 0;
				GCC_PREPROCESSOR_DEFINITIONS = (
					"DEBUG=1",
					"$(inherited)",
				);
				GCC_WARN_64_TO_32_BIT_CONVERSION = YES;
				GCC_WARN_ABOUT_RETURN_TYPE = YES_ERROR;
				GCC_WARN_UNDECLARED_SELECTOR = YES;
				GCC_WARN_UNINITIALIZED_AUTOS = YES_AGGRESSIVE;
				GCC_WARN_UNUSED_FUNCTION = YES;
				GCC_WARN_UNUSED_VARIABLE = YES;
				IPHONEOS_DEPLOYMENT_TARGET = 10.2;
				MTL_ENABLE_DEBUG_INFO = YES;
				ONLY_ACTIVE_ARCH = YES;
				SDKROOT = iphoneos;
				SWIFT_ACTIVE_COMPILATION_CONDITIONS = DEBUG;
				SWIFT_OPTIMIZATION_LEVEL = "-Onone";
				TARGETED_DEVICE_FAMILY = "1,2";
			};
			name = Debug;
		};
		A059866F1E84D4D700D1126C /* Release */ = {
			isa = XCBuildConfiguration;
			buildSettings = {
				ALWAYS_SEARCH_USER_PATHS = NO;
				CLANG_ANALYZER_NONNULL = YES;
				CLANG_CXX_LANGUAGE_STANDARD = "gnu++0x";
				CLANG_CXX_LIBRARY = "libc++";
				CLANG_ENABLE_MODULES = YES;
				CLANG_ENABLE_OBJC_ARC = YES;
				CLANG_WARN_BOOL_CONVERSION = YES;
				CLANG_WARN_CONSTANT_CONVERSION = YES;
				CLANG_WARN_DIRECT_OBJC_ISA_USAGE = YES_ERROR;
				CLANG_WARN_DOCUMENTATION_COMMENTS = YES;
				CLANG_WARN_EMPTY_BODY = YES;
				CLANG_WARN_ENUM_CONVERSION = YES;
				CLANG_WARN_INFINITE_RECURSION = YES;
				CLANG_WARN_INT_CONVERSION = YES;
				CLANG_WARN_OBJC_ROOT_CLASS = YES_ERROR;
				CLANG_WARN_SUSPICIOUS_MOVE = YES;
				CLANG_WARN_UNREACHABLE_CODE = YES;
				CLANG_WARN__DUPLICATE_METHOD_MATCH = YES;
				"CODE_SIGN_IDENTITY[sdk=iphoneos*]" = "iPhone Developer";
				COPY_PHASE_STRIP = NO;
				DEBUG_INFORMATION_FORMAT = "dwarf-with-dsym";
				ENABLE_NS_ASSERTIONS = NO;
				ENABLE_STRICT_OBJC_MSGSEND = YES;
				GCC_C_LANGUAGE_STANDARD = gnu99;
				GCC_NO_COMMON_BLOCKS = YES;
				GCC_WARN_64_TO_32_BIT_CONVERSION = YES;
				GCC_WARN_ABOUT_RETURN_TYPE = YES_ERROR;
				GCC_WARN_UNDECLARED_SELECTOR = YES;
				GCC_WARN_UNINITIALIZED_AUTOS = YES_AGGRESSIVE;
				GCC_WARN_UNUSED_FUNCTION = YES;
				GCC_WARN_UNUSED_VARIABLE = YES;
				IPHONEOS_DEPLOYMENT_TARGET = 10.2;
				MTL_ENABLE_DEBUG_INFO = NO;
				SDKROOT = iphoneos;
				SWIFT_OPTIMIZATION_LEVEL = "-Owholemodule";
				TARGETED_DEVICE_FAMILY = "1,2";
				VALIDATE_PRODUCT = YES;
			};
			name = Release;
		};
		A05986711E84D4D700D1126C /* Debug */ = {
			isa = XCBuildConfiguration;
			buildSettings = {
				ASSETCATALOG_COMPILER_APPICON_NAME = AppIcon;
				DEVELOPMENT_TEAM = MLFV6FC582;
				INFOPLIST_FILE = Stickers/Info.plist;
				LD_RUNPATH_SEARCH_PATHS = "$(inherited) @executable_path/Frameworks";
				PRODUCT_BUNDLE_IDENTIFIER = com.aarnavram.Stickers;
				PRODUCT_NAME = "$(TARGET_NAME)";
				SWIFT_VERSION = 3.0;
			};
			name = Debug;
		};
		A05986721E84D4D700D1126C /* Release */ = {
			isa = XCBuildConfiguration;
			buildSettings = {
				ASSETCATALOG_COMPILER_APPICON_NAME = AppIcon;
				DEVELOPMENT_TEAM = MLFV6FC582;
				INFOPLIST_FILE = Stickers/Info.plist;
				LD_RUNPATH_SEARCH_PATHS = "$(inherited) @executable_path/Frameworks";
				PRODUCT_BUNDLE_IDENTIFIER = com.aarnavram.Stickers;
				PRODUCT_NAME = "$(TARGET_NAME)";
				SWIFT_VERSION = 3.0;
			};
			name = Release;
		};
/* End XCBuildConfiguration section */

/* Begin XCConfigurationList section */
		A05986591E84D4D600D1126C /* Build configuration list for PBXProject "Stickers" */ = {
			isa = XCConfigurationList;
			buildConfigurations = (
				A059866E1E84D4D700D1126C /* Debug */,
				A059866F1E84D4D700D1126C /* Release */,
			);
			defaultConfigurationIsVisible = 0;
			defaultConfigurationName = Release;
		};
		A05986701E84D4D700D1126C /* Build configuration list for PBXNativeTarget "Stickers" */ = {
			isa = XCConfigurationList;
			buildConfigurations = (
				A05986711E84D4D700D1126C /* Debug */,
				A05986721E84D4D700D1126C /* Release */,
			);
			defaultConfigurationIsVisible = 0;
			defaultConfigurationName = Release;
		};
/* End XCConfigurationList section */
	};
	rootObject = A05986561E84D4D600D1126C /* Project object */;
}
